
Microsoft Visual Studio Solution File, Format Version 12.00
# Visual Studio Version 17
VisualStudioVersion = 17.14.36221.1 d17.14
MinimumVisualStudioVersion = 10.0.40219.1
Project("{FAE04EC0-301F-11D3-BF4B-00C04F79EFBC}") = "5_JWT", "5_JWT.csproj", "{9F4496F2-21A8-48A8-B84A-CF929E6B37B1}"
EndProject
Global
	GlobalSection(SolutionConfigurationPlatforms) = preSolution
		Debug|Any CPU = Debug|Any CPU
		Release|Any CPU = Release|Any CPU
	EndGlobalSection
	GlobalSection(ProjectConfigurationPlatforms) = postSolution
		{9F4496F2-21A8-48A8-B84A-CF929E6B37B1}.Debug|Any CPU.ActiveCfg = Debug|Any CPU
		{9F4496F2-21A8-48A8-B84A-CF929E6B37B1}.Debug|Any CPU.Build.0 = Debug|Any CPU
		{9F4496F2-21A8-48A8-B84A-CF929E6B37B1}.Release|Any CPU.ActiveCfg = Release|Any CPU
		{9F4496F2-21A8-48A8-B84A-CF929E6B37B1}.Release|Any CPU.Build.0 = Release|Any CPU
	EndGlobalSection
	GlobalSection(SolutionProperties) = preSolution
		HideSolutionNode = FALSE
	EndGlobalSection
	GlobalSection(ExtensibilityGlobals) = postSolution
		SolutionGuid = {7BE3CB16-EA3C-413F-8841-9041D48A84E4}
	EndGlobalSection
EndGlobal
